{
  "version": 4,
  "terraform_version": "1.2.6",
  "serial": 160,
  "lineage": "6c2a1dc7-f1b7-0344-7d60-c7207e6ba776",
  "outputs": {
    "flaskapp_ip": {
      "value": "10.42.42.118",
      "type": "string"
    },
    "flaskapp_name": {
      "value": "cc-tf-flaskapp",
      "type": "string"
    },
    "mysql_ip": {
      "value": "10.42.42.94",
      "type": "string"
    },
    "mysql_name": {
      "value": "cc-tf-mysql",
      "type": "string"
    }
  },
  "resources": [
    {
      "mode": "data",
      "type": "nutanix_cluster",
      "name": "cluster",
      "provider": "provider[\"registry.terraform.io/nutanix/nutanix\"]",
      "instances": [
        {
          "schema_version": 0,
          "attributes": {
            "analysis_vm_efficiency_map": {
              "bully_vm_num": "0",
              "constrained_vm_num": "0",
              "dead_vm_num": "10",
              "inefficient_vm_num": "68",
              "overprovisioned_vm_num": "58"
            },
            "api_version": "",
            "authorized_public_key_list": [],
            "build": {
              "build_type": "release",
              "commit_date": "",
              "commit_id": "a47cd2126368a00d280a2c78b3fbff5afd196057",
              "full_version": "el7.3-release-fraser-6.5.1-stable-a47cd2126368a00d280a2c78b3fbff5afd196057",
              "short_commit_id": "a47cd2",
              "version": "6.5.1"
            },
            "ca_certificate_list": [],
            "categories": [],
            "certification_signing_info": {},
            "client_auth": {},
            "cluster_arch": "X86_64",
            "cluster_id": "0005d9e3-c441-b3e0-6ddb-3cecef852de8",
            "domain_server_credentials": {},
            "domain_server_name": "",
            "domain_server_nameserver": "",
            "enabled_feature_list": [
              "PASSWORD_REMOTE_LOGIN_ENABLED",
              "SHADOW_CLONES_ENABLED"
            ],
            "encryption_status": "NOT_SUPPORTED",
            "external_data_services_ip": "10.42.42.38",
            "external_ip": "10.42.42.37",
            "external_subnet": "10.42.42.0/255.255.255.128",
            "gpu_driver_version": "",
            "http_proxy_list": [],
            "http_proxy_whitelist": [],
            "id": "0005d9e3-c441-b3e0-6ddb-3cecef852de8",
            "internal_subnet": "192.168.5.0/255.255.255.128",
            "is_available": true,
            "management_server_list": [],
            "masquerading_ip": "",
            "masquerading_port": 0,
            "metadata": {
              "creation_time": "2022-03-10 22:47:47 +0000 UTC",
              "last_update_time": "2022-03-10 22:47:47 +0000 UTC",
              "name": "",
              "spec_hash": "00000000000000000000000000000000000000000000000000",
              "spec_version": "20",
              "uuid": "0005d9e3-c441-b3e0-6ddb-3cecef852de8"
            },
            "name": "PHX-POC042",
            "name_server_ip_list": [
              "10.42.42.41"
            ],
            "nfs_subnet_whitelist": [],
            "nodes": [
              {
                "ip": "10.42.42.25",
                "type": "AHV",
                "version": "el7.nutanix.20201105.30411"
              },
              {
                "ip": "127.0.0.1",
                "type": "AHV",
                "version": ""
              },
              {
                "ip": "10.42.42.27",
                "type": "AHV",
                "version": "el7.nutanix.20201105.30411"
              },
              {
                "ip": "10.42.42.26",
                "type": "AHV",
                "version": "el7.nutanix.20201105.30411"
              },
              {
                "ip": "10.42.42.28",
                "type": "AHV",
                "version": "el7.nutanix.20201105.30411"
              }
            ],
            "ntp_server_ip_list": [
              "10.42.42.41"
            ],
            "operation_mode": "NORMAL",
            "owner_reference": {},
            "project_reference": {},
            "service_list": [
              "AOS"
            ],
            "smtp_server_address": {
              "fqdn": "smtp.sendgrid.net",
              "ip": "",
              "ipv6": "",
              "port": "587"
            },
            "smtp_server_credentials": {
              "password": "",
              "username": "apikey"
            },
            "smtp_server_email_address": "noreply@nutanix.com",
            "smtp_server_proxy_type_list": [],
            "smtp_server_type": "STARTTLS",
            "software_map_ncc": {
              "software_type": "NCC",
              "status": "INSTALLED",
              "version": "ncc-4.6.1"
            },
            "software_map_nos": {
              "software_type": "NOS",
              "status": "INSTALLED",
              "version": "6.5.1"
            },
            "ssl_key_expire_datetime": "2023-09-25T15:48:40Z",
            "ssl_key_name": "",
            "ssl_key_signing_info": {
              "city": "San Jose",
              "common_name": "pc.ntnxlab.local\n",
              "common_name_suffix": "",
              "country_code": "US",
              "email_address": "",
              "organization": "Nutanix",
              "state": "CA"
            },
            "ssl_key_type": "RSA_2048",
            "state": "COMPLETE",
            "supported_information_verbosity": "BASIC_PLUS_CORE_DUMP",
            "timezone": "UTC"
          },
          "sensitive_attributes": []
        }
      ]
    },
    {
      "mode": "data",
      "type": "nutanix_image",
      "name": "centos",
      "provider": "provider[\"registry.terraform.io/nutanix/nutanix\"]",
      "instances": [
        {
          "schema_version": 0,
          "attributes": {
            "api_version": "3.1",
            "architecture": null,
            "availability_zone_reference": {},
            "categories": [],
            "checksum": null,
            "cluster_name": null,
            "cluster_references": [],
            "cluster_uuid": null,
            "current_cluster_reference_list": [
              {
                "kind": "cluster",
                "name": "",
                "uuid": "0005d9e3-c441-b3e0-6ddb-3cecef852de8"
              }
            ],
            "description": "CentOS 7 Disk Image",
            "id": "72e0e211-3a2e-4b86-8d82-33d75f7f7879",
            "image_id": null,
            "image_name": "CentOS7.qcow2",
            "image_type": "DISK_IMAGE",
            "metadata": {
              "creation_time": "2022-03-14 18:07:00 +0000 UTC",
              "last_update_time": "2022-03-14 18:07:00 +0000 UTC",
              "name": "",
              "spec_hash": "00000000000000000000000000000000000000000000000000",
              "spec_version": "0",
              "uuid": "72e0e211-3a2e-4b86-8d82-33d75f7f7879"
            },
            "name": "CentOS7.qcow2",
            "owner_reference": {},
            "project_reference": null,
            "retrieval_uri_list": [],
            "size_bytes": 10737418240,
            "source_uri": "http://10.38.245.42/vx-images/CentOS7.qcow2?X-Amz-Algorithm=AWS4-HMAC-SHA256\u0026X-Amz-Credential=ficIb4xMfndBvNtmr4298pNkhDJ2lmxr%2F20220310%2Fus-east-1%2Fs3%2Faws4_request\u0026X-Amz-Date=20220310T220557Z\u0026X-Amz-Expires=10800\u0026X-Amz-SignedHeaders=host\u0026response-content-disposition=attachment%3B%20filename%3D%22CentOS7.qcow2%22\u0026X-Amz-Signature=ec7024063f51e5b0031b3fbe2d9c3422f545d80fe324654a4397c6a0dd36291a",
            "state": "COMPLETE",
            "version": null
          },
          "sensitive_attributes": []
        }
      ]
    },
    {
      "mode": "data",
      "type": "nutanix_subnet",
      "name": "subnet",
      "provider": "provider[\"registry.terraform.io/nutanix/nutanix\"]",
      "instances": [
        {
          "schema_version": 0,
          "attributes": {
            "additional_filter": null,
            "api_version": "",
            "availability_zone_reference": {},
            "categories": [],
            "cluster_name": "PHX-POC042",
            "cluster_uuid": "0005d9e3-c441-b3e0-6ddb-3cecef852de8",
            "default_gateway_ip": "10.42.42.1",
            "description": "",
            "dhcp_domain_name_server_list": [
              "10.42.42.41"
            ],
            "dhcp_domain_search_list": [],
            "dhcp_options": {
              "boot_file_name": "",
              "domain_name": "",
              "tftp_server_name": ""
            },
            "dhcp_server_address": {
              "fqdn": "",
              "ip": "10.42.42.126",
              "ipv6": ""
            },
            "dhcp_server_address_port": 0,
            "enable_nat": false,
            "id": "3ffe1c8c-5360-4f94-868a-e2df7f68a488",
            "ip_config_pool_list_ranges": [
              "10.42.42.44 10.42.42.125"
            ],
            "is_external": false,
            "message_list": null,
            "metadata": {
              "creation_time": "2022-03-11 18:43:52 +0000 UTC",
              "last_update_time": "2022-03-11 18:43:52 +0000 UTC",
              "name": "",
              "spec_hash": "00000000000000000000000000000000000000000000000000",
              "spec_version": "0",
              "uuid": "3ffe1c8c-5360-4f94-868a-e2df7f68a488"
            },
            "name": "Primary",
            "network_function_chain_reference": {},
            "owner_reference": {},
            "prefix_length": 25,
            "project_reference": {},
            "state": "COMPLETE",
            "subnet_id": null,
            "subnet_ip": "10.42.42.0",
            "subnet_name": "Primary",
            "subnet_type": "VLAN",
            "vlan_id": 0,
            "vpc_reference": {},
            "vswitch_name": "br0"
          },
          "sensitive_attributes": []
        }
      ]
    },
    {
      "mode": "managed",
      "type": "nutanix_virtual_machine",
      "name": "flaskapp-vm-demo",
      "provider": "provider[\"registry.terraform.io/nutanix/nutanix\"]",
      "instances": [
        {
          "schema_version": 1,
          "attributes": {
            "api_version": "3.1",
            "availability_zone_reference": {},
            "boot_device_disk_address": {},
            "boot_device_mac_address": "",
            "boot_device_order_list": [],
            "boot_type": "",
            "categories": [],
            "cloud_init_cdrom_uuid": "",
            "cluster_name": "PHX-POC042",
            "cluster_uuid": "0005d9e3-c441-b3e0-6ddb-3cecef852de8",
            "description": "",
            "disk_list": [
              {
                "data_source_reference": {
                  "kind": "image",
                  "uuid": "72e0e211-3a2e-4b86-8d82-33d75f7f7879"
                },
                "device_properties": [
                  {
                    "device_type": "DISK",
                    "disk_address": {
                      "adapter_type": "SCSI",
                      "device_index": "0"
                    }
                  }
                ],
                "disk_size_bytes": 10737418240,
                "disk_size_mib": 10240,
                "storage_config": [
                  {
                    "flash_mode": "",
                    "storage_container_reference": [
                      {
                        "kind": "storage_container",
                        "name": "Default",
                        "url": "",
                        "uuid": "03d0ce6c-3bf5-4e83-b668-31fce1652872"
                      }
                    ]
                  }
                ],
                "uuid": "03ff9590-c2e0-44e5-88d9-51a2f392e5c5",
                "volume_group_reference": {}
              }
            ],
            "enable_cpu_passthrough": false,
            "enable_script_exec": false,
            "gpu_list": [],
            "guest_customization_cloud_init_custom_key_values": {},
            "guest_customization_cloud_init_meta_data": "",
            "guest_customization_cloud_init_user_data": "",
            "guest_customization_is_overridable": false,
            "guest_customization_sysprep": {},
            "guest_customization_sysprep_custom_key_values": {},
            "guest_os_id": "",
            "hardware_clock_timezone": "UTC",
            "host_reference": {
              "kind": "host",
              "name": "10.42.42.27",
              "uuid": "2f9577ea-1a4d-44ed-85ad-9a16f06e2016"
            },
            "hypervisor_type": null,
            "id": "2000f878-74f9-4727-a4aa-dd8cdc01b914",
            "is_vcpu_hard_pinned": false,
            "machine_type": "PC",
            "memory_size_mib": 4096,
            "metadata": {
              "creation_time": "2022-10-06 00:49:40 +0000 UTC",
              "last_update_time": "2022-10-06 00:49:40 +0000 UTC",
              "name": "",
              "spec_hash": "",
              "spec_version": "0",
              "uuid": "2000f878-74f9-4727-a4aa-dd8cdc01b914"
            },
            "name": "cc-tf-flaskapp",
            "ngt_credentials": {},
            "ngt_enabled_capability_list": [],
            "nic_list": [
              {
                "ip_endpoint_list": [
                  {
                    "ip": "10.42.42.118",
                    "type": "ASSIGNED"
                  }
                ],
                "is_connected": "true",
                "mac_address": "50:6b:8d:be:c5:08",
                "model": "",
                "network_function_chain_reference": {},
                "network_function_nic_type": "",
                "nic_type": "NORMAL_NIC",
                "num_queues": 0,
                "subnet_name": "Primary",
                "subnet_uuid": "3ffe1c8c-5360-4f94-868a-e2df7f68a488",
                "uuid": "188cf8b4-7126-43de-96d1-03729d4c7527"
              }
            ],
            "nic_list_status": [
              {
                "floating_ip": "",
                "ip_endpoint_list": [
                  {
                    "ip": "10.42.42.118",
                    "type": "ASSIGNED"
                  }
                ],
                "is_connected": "true",
                "mac_address": "50:6b:8d:be:c5:08",
                "model": "",
                "network_function_chain_reference": {},
                "network_function_nic_type": "",
                "nic_type": "NORMAL_NIC",
                "num_queues": 0,
                "subnet_name": "Primary",
                "subnet_uuid": "3ffe1c8c-5360-4f94-868a-e2df7f68a488",
                "uuid": "188cf8b4-7126-43de-96d1-03729d4c7527"
              }
            ],
            "num_sockets": 4,
            "num_vcpus_per_socket": 1,
            "num_vnuma_nodes": 0,
            "nutanix_guest_tools": {},
            "owner_reference": {
              "kind": "user",
              "name": "admin",
              "uuid": "00000000-0000-0000-0000-000000000000"
            },
            "parent_reference": {},
            "power_state": "ON",
            "power_state_mechanism": "HARD",
            "project_reference": {
              "kind": "project",
              "name": "_internal",
              "uuid": "7603d14e-c811-41d3-9321-0998148fd159"
            },
            "serial_port_list": [],
            "should_fail_on_script_failure": false,
            "state": "COMPLETE",
            "timeouts": null,
            "use_hot_add": true,
            "vga_console_enabled": true
          },
          "sensitive_attributes": [],
          "private": "eyJlMmJmYjczMC1lY2FhLTExZTYtOGY4OC0zNDM2M2JjN2M0YzAiOnsiY3JlYXRlIjozNjAwMDAwMDAwMDAwLCJkZWxldGUiOjM2MDAwMDAwMDAwMDAsInVwZGF0ZSI6MzYwMDAwMDAwMDAwMH0sInNjaGVtYV92ZXJzaW9uIjoiMSJ9",
          "dependencies": [
            "data.nutanix_cluster.cluster",
            "data.nutanix_image.centos",
            "data.nutanix_subnet.subnet",
            "nutanix_virtual_machine.mysql-vm-demo"
          ]
        }
      ]
    },
    {
      "mode": "managed",
      "type": "nutanix_virtual_machine",
      "name": "mysql-vm-demo",
      "provider": "provider[\"registry.terraform.io/nutanix/nutanix\"]",
      "instances": [
        {
          "schema_version": 1,
          "attributes": {
            "api_version": "3.1",
            "availability_zone_reference": {},
            "boot_device_disk_address": {},
            "boot_device_mac_address": "",
            "boot_device_order_list": [],
            "boot_type": "",
            "categories": [],
            "cloud_init_cdrom_uuid": "",
            "cluster_name": "PHX-POC042",
            "cluster_uuid": "0005d9e3-c441-b3e0-6ddb-3cecef852de8",
            "description": "",
            "disk_list": [
              {
                "data_source_reference": {
                  "kind": "image",
                  "uuid": "72e0e211-3a2e-4b86-8d82-33d75f7f7879"
                },
                "device_properties": [
                  {
                    "device_type": "DISK",
                    "disk_address": {
                      "adapter_type": "SCSI",
                      "device_index": "0"
                    }
                  }
                ],
                "disk_size_bytes": 10737418240,
                "disk_size_mib": 10240,
                "storage_config": [
                  {
                    "flash_mode": "",
                    "storage_container_reference": [
                      {
                        "kind": "storage_container",
                        "name": "Default",
                        "url": "",
                        "uuid": "03d0ce6c-3bf5-4e83-b668-31fce1652872"
                      }
                    ]
                  }
                ],
                "uuid": "d84fd9a5-2d9c-4276-84ae-039e7cb74ed9",
                "volume_group_reference": {}
              }
            ],
            "enable_cpu_passthrough": false,
            "enable_script_exec": false,
            "gpu_list": [],
            "guest_customization_cloud_init_custom_key_values": {},
            "guest_customization_cloud_init_meta_data": "",
            "guest_customization_cloud_init_user_data": "",
            "guest_customization_is_overridable": false,
            "guest_customization_sysprep": {},
            "guest_customization_sysprep_custom_key_values": {},
            "guest_os_id": "",
            "hardware_clock_timezone": "UTC",
            "host_reference": {
              "kind": "host",
              "name": "10.42.42.26",
              "uuid": "0d550a32-0e44-4e5c-b948-3d29e23ad4cc"
            },
            "hypervisor_type": null,
            "id": "3571c16a-404a-4b55-b2ad-53c13e554dfc",
            "is_vcpu_hard_pinned": false,
            "machine_type": "PC",
            "memory_size_mib": 4096,
            "metadata": {
              "creation_time": "2022-10-06 00:47:36 +0000 UTC",
              "last_update_time": "2022-10-06 00:47:36 +0000 UTC",
              "name": "",
              "spec_hash": "",
              "spec_version": "0",
              "uuid": "3571c16a-404a-4b55-b2ad-53c13e554dfc"
            },
            "name": "cc-tf-mysql",
            "ngt_credentials": {},
            "ngt_enabled_capability_list": [],
            "nic_list": [
              {
                "ip_endpoint_list": [
                  {
                    "ip": "10.42.42.94",
                    "type": "ASSIGNED"
                  }
                ],
                "is_connected": "true",
                "mac_address": "50:6b:8d:d2:8b:ac",
                "model": "",
                "network_function_chain_reference": {},
                "network_function_nic_type": "",
                "nic_type": "NORMAL_NIC",
                "num_queues": 0,
                "subnet_name": "Primary",
                "subnet_uuid": "3ffe1c8c-5360-4f94-868a-e2df7f68a488",
                "uuid": "c10a5abd-71e2-43e1-b203-7a65ae407111"
              }
            ],
            "nic_list_status": [
              {
                "floating_ip": "",
                "ip_endpoint_list": [
                  {
                    "ip": "10.42.42.94",
                    "type": "ASSIGNED"
                  }
                ],
                "is_connected": "true",
                "mac_address": "50:6b:8d:d2:8b:ac",
                "model": "",
                "network_function_chain_reference": {},
                "network_function_nic_type": "",
                "nic_type": "NORMAL_NIC",
                "num_queues": 0,
                "subnet_name": "Primary",
                "subnet_uuid": "3ffe1c8c-5360-4f94-868a-e2df7f68a488",
                "uuid": "c10a5abd-71e2-43e1-b203-7a65ae407111"
              }
            ],
            "num_sockets": 4,
            "num_vcpus_per_socket": 1,
            "num_vnuma_nodes": 0,
            "nutanix_guest_tools": {},
            "owner_reference": {
              "kind": "user",
              "name": "admin",
              "uuid": "00000000-0000-0000-0000-000000000000"
            },
            "parent_reference": {},
            "power_state": "ON",
            "power_state_mechanism": "HARD",
            "project_reference": {
              "kind": "project",
              "name": "_internal",
              "uuid": "7603d14e-c811-41d3-9321-0998148fd159"
            },
            "serial_port_list": [],
            "should_fail_on_script_failure": false,
            "state": "COMPLETE",
            "timeouts": null,
            "use_hot_add": true,
            "vga_console_enabled": true
          },
          "sensitive_attributes": [],
          "private": "eyJlMmJmYjczMC1lY2FhLTExZTYtOGY4OC0zNDM2M2JjN2M0YzAiOnsiY3JlYXRlIjozNjAwMDAwMDAwMDAwLCJkZWxldGUiOjM2MDAwMDAwMDAwMDAsInVwZGF0ZSI6MzYwMDAwMDAwMDAwMH0sInNjaGVtYV92ZXJzaW9uIjoiMSJ9",
          "dependencies": [
            "data.nutanix_cluster.cluster",
            "data.nutanix_image.centos",
            "data.nutanix_subnet.subnet"
          ]
        }
      ]
    }
  ]
}
